// !$*UTF8*$!
{
	archiveVersion = 1;
	classes = {
	};
	objectVersion = 46;
	objects = {

/* Begin PBXBuildFile section */
		0707EC2A1F32C24100391532 /* AppDelegate.swift in Sources */ = {isa = PBXBuildFile; fileRef = 0707EC291F32C24100391532 /* AppDelegate.swift */; };
		0707EC2F1F32C24100391532 /* Main.storyboard in Resources */ = {isa = PBXBuildFile; fileRef = 0707EC2D1F32C24100391532 /* Main.storyboard */; };
		0707EC311F32C24100391532 /* Assets.xcassets in Resources */ = {isa = PBXBuildFile; fileRef = 0707EC301F32C24100391532 /* Assets.xcassets */; };
		0707EC341F32C24100391532 /* LaunchScreen.storyboard in Resources */ = {isa = PBXBuildFile; fileRef = 0707EC321F32C24100391532 /* LaunchScreen.storyboard */; };
		0707EC3C1F32C2EF00391532 /* MainVc.swift in Sources */ = {isa = PBXBuildFile; fileRef = 0707EC3B1F32C2EF00391532 /* MainVc.swift */; };
		0707EC6F1F32C44B00391532 /* ant.png in Resources */ = {isa = PBXBuildFile; fileRef = 0707EC3E1F32C44B00391532 /* ant.png */; };
		0707EC701F32C44B00391532 /* bat.jpg in Resources */ = {isa = PBXBuildFile; fileRef = 0707EC3F1F32C44B00391532 /* bat.jpg */; };
		0707EC711F32C44B00391532 /* bear.png in Resources */ = {isa = PBXBuildFile; fileRef = 0707EC401F32C44B00391532 /* bear.png */; };
		0707EC721F32C44B00391532 /* bee.png in Resources */ = {isa = PBXBuildFile; fileRef = 0707EC411F32C44B00391532 /* bee.png */; };
		0707EC731F32C44B00391532 /* bird.png in Resources */ = {isa = PBXBuildFile; fileRef = 0707EC421F32C44B00391532 /* bird.png */; };
		0707EC741F32C44B00391532 /* buffalo.jpg in Resources */ = {isa = PBXBuildFile; fileRef = 0707EC431F32C44B00391532 /* buffalo.jpg */; };
		0707EC751F32C44B00391532 /* butterfly.png in Resources */ = {isa = PBXBuildFile; fileRef = 0707EC441F32C44B00391532 /* butterfly.png */; };
		0707EC761F32C44B00391532 /* cat.jpg in Resources */ = {isa = PBXBuildFile; fileRef = 0707EC451F32C44B00391532 /* cat.jpg */; };
		0707EC771F32C44B00391532 /* crab.png in Resources */ = {isa = PBXBuildFile; fileRef = 0707EC461F32C44B00391532 /* crab.png */; };
		0707EC781F32C44B00391532 /* deer.jpg in Resources */ = {isa = PBXBuildFile; fileRef = 0707EC471F32C44B00391532 /* deer.jpg */; };
		0707EC791F32C44B00391532 /* dog.png in Resources */ = {isa = PBXBuildFile; fileRef = 0707EC481F32C44B00391532 /* dog.png */; };
		0707EC7A1F32C44B00391532 /* duck.png in Resources */ = {isa = PBXBuildFile; fileRef = 0707EC491F32C44B00391532 /* duck.png */; };
		0707EC7B1F32C44B00391532 /* fish.png in Resources */ = {isa = PBXBuildFile; fileRef = 0707EC4A1F32C44B00391532 /* fish.png */; };
		0707EC7C1F32C44B00391532 /* fly.jpg in Resources */ = {isa = PBXBuildFile; fileRef = 0707EC4B1F32C44B00391532 /* fly.jpg */; };
		0707EC7D1F32C44B00391532 /* fox.png in Resources */ = {isa = PBXBuildFile; fileRef = 0707EC4C1F32C44B00391532 /* fox.png */; };
		0707EC7E1F32C44B00391532 /* frog.png in Resources */ = {isa = PBXBuildFile; fileRef = 0707EC4D1F32C44B00391532 /* frog.png */; };
		0707EC7F1F32C44B00391532 /* hawk.jpg in Resources */ = {isa = PBXBuildFile; fileRef = 0707EC4E1F32C44B00391532 /* hawk.jpg */; };
		0707EC801F32C44B00391532 /* lion.jpg in Resources */ = {isa = PBXBuildFile; fileRef = 0707EC4F1F32C44B00391532 /* lion.jpg */; };
		0707EC811F32C44B00391532 /* mosquito.jpg in Resources */ = {isa = PBXBuildFile; fileRef = 0707EC501F32C44B00391532 /* mosquito.jpg */; };
		0707EC821F32C44B00391532 /* mouse.png in Resources */ = {isa = PBXBuildFile; fileRef = 0707EC511F32C44B00391532 /* mouse.png */; };
		0707EC831F32C44B00391532 /* peafowl.jpg in Resources */ = {isa = PBXBuildFile; fileRef = 0707EC521F32C44B00391532 /* peafowl.jpg */; };
		0707EC841F32C44B00391532 /* snail.png in Resources */ = {isa = PBXBuildFile; fileRef = 0707EC531F32C44B00391532 /* snail.png */; };
		0707EC851F32C44B00391532 /* snake.png in Resources */ = {isa = PBXBuildFile; fileRef = 0707EC541F32C44B00391532 /* snake.png */; };
		0707EC861F32C44B00391532 /* spider.png in Resources */ = {isa = PBXBuildFile; fileRef = 0707EC551F32C44B00391532 /* spider.png */; };
		0707EC871F32C44B00391532 /* swan.png in Resources */ = {isa = PBXBuildFile; fileRef = 0707EC561F32C44B00391532 /* swan.png */; };
		0707EC881F32C44B00391532 /* tiger.jpg in Resources */ = {isa = PBXBuildFile; fileRef = 0707EC571F32C44B00391532 /* tiger.jpg */; };
		0707EC891F32C44B00391532 /* turtle.png in Resources */ = {isa = PBXBuildFile; fileRef = 0707EC581F32C44B00391532 /* turtle.png */; };
		0707EC8A1F32C44B00391532 /* animals.jpeg in Resources */ = {isa = PBXBuildFile; fileRef = 0707EC591F32C44B00391532 /* animals.jpeg */; };
		0707EC8B1F32C44B00391532 /* apple.png in Resources */ = {isa = PBXBuildFile; fileRef = 0707EC5B1F32C44B00391532 /* apple.png */; };
		0707EC8C1F32C44B00391532 /* avocado.jpg in Resources */ = {isa = PBXBuildFile; fileRef = 0707EC5C1F32C44B00391532 /* avocado.jpg */; };
		0707EC8D1F32C44B00391532 /* banana.png in Resources */ = {isa = PBXBuildFile; fileRef = 0707EC5D1F32C44B00391532 /* banana.png */; };
		0707EC8E1F32C44B00391532 /* blackberry.png in Resources */ = {isa = PBXBuildFile; fileRef = 0707EC5E1F32C44B00391532 /* blackberry.png */; };
		0707EC8F1F32C44B00391532 /* cherry.png in Resources */ = {isa = PBXBuildFile; fileRef = 0707EC5F1F32C44B00391532 /* cherry.png */; };
		0707EC901F32C44B00391532 /* coconut.png in Resources */ = {isa = PBXBuildFile; fileRef = 0707EC601F32C44B00391532 /* coconut.png */; };
		0707EC911F32C44B00391532 /* grape.png in Resources */ = {isa = PBXBuildFile; fileRef = 0707EC611F32C44B00391532 /* grape.png */; };
		0707EC921F32C44B00391532 /* kiwi.jpg in Resources */ = {isa = PBXBuildFile; fileRef = 0707EC621F32C44B00391532 /* kiwi.jpg */; };
		0707EC931F32C44B00391532 /* lemon.jpg in Resources */ = {isa = PBXBuildFile; fileRef = 0707EC631F32C44B00391532 /* lemon.jpg */; };
		0707EC941F32C44B00391532 /* lychee.jpg in Resources */ = {isa = PBXBuildFile; fileRef = 0707EC641F32C44B00391532 /* lychee.jpg */; };
		0707EC951F32C44B00391532 /* mango.jpg in Resources */ = {isa = PBXBuildFile; fileRef = 0707EC651F32C44B00391532 /* mango.jpg */; };
		0707EC961F32C44B00391532 /* melon.jpg in Resources */ = {isa = PBXBuildFile; fileRef = 0707EC661F32C44B00391532 /* melon.jpg */; };
		0707EC971F32C44B00391532 /* papaya.jpg in Resources */ = {isa = PBXBuildFile; fileRef = 0707EC671F32C44B00391532 /* papaya.jpg */; };
		0707EC981F32C44B00391532 /* passion fruit.jpg in Resources */ = {isa = PBXBuildFile; fileRef = 0707EC681F32C44B00391532 /* passion fruit.jpg */; };
		0707EC991F32C44B00391532 /* peach.jpg in Resources */ = {isa = PBXBuildFile; fileRef = 0707EC691F32C44B00391532 /* peach.jpg */; };
		0707EC9A1F32C44B00391532 /* pineapple.jpg in Resources */ = {isa = PBXBuildFile; fileRef = 0707EC6A1F32C44B00391532 /* pineapple.jpg */; };
		0707EC9B1F32C44B00391532 /* plum.png in Resources */ = {isa = PBXBuildFile; fileRef = 0707EC6B1F32C44B00391532 /* plum.png */; };
		0707EC9C1F32C44B00391532 /* strawberry.jpg in Resources */ = {isa = PBXBuildFile; fileRef = 0707EC6C1F32C44B00391532 /* strawberry.jpg */; };
		0707EC9D1F32C44B00391532 /* watermelon.png in Resources */ = {isa = PBXBuildFile; fileRef = 0707EC6D1F32C44B00391532 /* watermelon.png */; };
		0707EC9E1F32C44B00391532 /* fruits.png in Resources */ = {isa = PBXBuildFile; fileRef = 0707EC6E1F32C44B00391532 /* fruits.png */; };
		07E4E3E11F3964BF00399CF0 /* DetailVC.swift in Sources */ = {isa = PBXBuildFile; fileRef = 07E4E3E01F3964BF00399CF0 /* DetailVC.swift */; };
		07E4E3E31F3967BD00399CF0 /* ShapesList.plist in Resources */ = {isa = PBXBuildFile; fileRef = 07E4E3E21F3967BD00399CF0 /* ShapesList.plist */; };
		07E4E3E51F396AC300399CF0 /* shapes.png in Resources */ = {isa = PBXBuildFile; fileRef = 07E4E3E41F396AC300399CF0 /* shapes.png */; };
		07E4E3EA1F396B0800399CF0 /* triangle.png in Resources */ = {isa = PBXBuildFile; fileRef = 07E4E3E71F396B0800399CF0 /* triangle.png */; };
		07E4E3EB1F396B0800399CF0 /* circle.png in Resources */ = {isa = PBXBuildFile; fileRef = 07E4E3E81F396B0800399CF0 /* circle.png */; };
		07E4E3EC1F396B0800399CF0 /* square.png in Resources */ = {isa = PBXBuildFile; fileRef = 07E4E3E91F396B0800399CF0 /* square.png */; };
		07E4E3EF1F396B6200399CF0 /* AnimalsList.plist in Resources */ = {isa = PBXBuildFile; fileRef = 07E4E3ED1F396B6200399CF0 /* AnimalsList.plist */; };
		07E4E3F01F396B6200399CF0 /* FruitsList.plist in Resources */ = {isa = PBXBuildFile; fileRef = 07E4E3EE1F396B6200399CF0 /* FruitsList.plist */; };
		07E4E3F21F39736C00399CF0 /* BottomVC.swift in Sources */ = {isa = PBXBuildFile; fileRef = 07E4E3F11F39736C00399CF0 /* BottomVC.swift */; };
/* End PBXBuildFile section */

/* Begin PBXFileReference section */
		0707EC261F32C24100391532 /* English4Kid.app */ = {isa = PBXFileReference; explicitFileType = wrapper.application; includeInIndex = 0; path = English4Kid.app; sourceTree = BUILT_PRODUCTS_DIR; };
		0707EC291F32C24100391532 /* AppDelegate.swift */ = {isa = PBXFileReference; lastKnownFileType = sourcecode.swift; path = AppDelegate.swift; sourceTree = "<group>"; };
		0707EC2E1F32C24100391532 /* Base */ = {isa = PBXFileReference; lastKnownFileType = file.storyboard; name = Base; path = Base.lproj/Main.storyboard; sourceTree = "<group>"; };
		0707EC301F32C24100391532 /* Assets.xcassets */ = {isa = PBXFileReference; lastKnownFileType = folder.assetcatalog; path = Assets.xcassets; sourceTree = "<group>"; };
		0707EC331F32C24100391532 /* Base */ = {isa = PBXFileReference; lastKnownFileType = file.storyboard; name = Base; path = Base.lproj/LaunchScreen.storyboard; sourceTree = "<group>"; };
		0707EC351F32C24100391532 /* Info.plist */ = {isa = PBXFileReference; lastKnownFileType = text.plist.xml; path = Info.plist; sourceTree = "<group>"; };
		0707EC3B1F32C2EF00391532 /* MainVc.swift */ = {isa = PBXFileReference; fileEncoding = 4; lastKnownFileType = sourcecode.swift; path = MainVc.swift; sourceTree = "<group>"; };
		0707EC3E1F32C44B00391532 /* ant.png */ = {isa = PBXFileReference; lastKnownFileType = image.png; path = ant.png; sourceTree = "<group>"; };
		0707EC3F1F32C44B00391532 /* bat.jpg */ = {isa = PBXFileReference; lastKnownFileType = image.jpeg; path = bat.jpg; sourceTree = "<group>"; };
		0707EC401F32C44B00391532 /* bear.png */ = {isa = PBXFileReference; lastKnownFileType = image.png; path = bear.png; sourceTree = "<group>"; };
		0707EC411F32C44B00391532 /* bee.png */ = {isa = PBXFileReference; lastKnownFileType = image.png; path = bee.png; sourceTree = "<group>"; };
		0707EC421F32C44B00391532 /* bird.png */ = {isa = PBXFileReference; lastKnownFileType = image.png; path = bird.png; sourceTree = "<group>"; };
		0707EC431F32C44B00391532 /* buffalo.jpg */ = {isa = PBXFileReference; lastKnownFileType = image.jpeg; path = buffalo.jpg; sourceTree = "<group>"; };
		0707EC441F32C44B00391532 /* butterfly.png */ = {isa = PBXFileReference; lastKnownFileType = image.png; path = butterfly.png; sourceTree = "<group>"; };
		0707EC451F32C44B00391532 /* cat.jpg */ = {isa = PBXFileReference; lastKnownFileType = image.jpeg; path = cat.jpg; sourceTree = "<group>"; };
		0707EC461F32C44B00391532 /* crab.png */ = {isa = PBXFileReference; lastKnownFileType = image.png; path = crab.png; sourceTree = "<group>"; };
		0707EC471F32C44B00391532 /* deer.jpg */ = {isa = PBXFileReference; lastKnownFileType = image.jpeg; path = deer.jpg; sourceTree = "<group>"; };
		0707EC481F32C44B00391532 /* dog.png */ = {isa = PBXFileReference; lastKnownFileType = image.png; path = dog.png; sourceTree = "<group>"; };
		0707EC491F32C44B00391532 /* duck.png */ = {isa = PBXFileReference; lastKnownFileType = image.png; path = duck.png; sourceTree = "<group>"; };
		0707EC4A1F32C44B00391532 /* fish.png */ = {isa = PBXFileReference; lastKnownFileType = image.png; path = fish.png; sourceTree = "<group>"; };
		0707EC4B1F32C44B00391532 /* fly.jpg */ = {isa = PBXFileReference; lastKnownFileType = image.jpeg; path = fly.jpg; sourceTree = "<group>"; };
		0707EC4C1F32C44B00391532 /* fox.png */ = {isa = PBXFileReference; lastKnownFileType = image.png; path = fox.png; sourceTree = "<group>"; };
		0707EC4D1F32C44B00391532 /* frog.png */ = {isa = PBXFileReference; lastKnownFileType = image.png; path = frog.png; sourceTree = "<group>"; };
		0707EC4E1F32C44B00391532 /* hawk.jpg */ = {isa = PBXFileReference; lastKnownFileType = image.jpeg; path = hawk.jpg; sourceTree = "<group>"; };
		0707EC4F1F32C44B00391532 /* lion.jpg */ = {isa = PBXFileReference; lastKnownFileType = image.jpeg; path = lion.jpg; sourceTree = "<group>"; };
		0707EC501F32C44B00391532 /* mosquito.jpg */ = {isa = PBXFileReference; lastKnownFileType = image.jpeg; path = mosquito.jpg; sourceTree = "<group>"; };
		0707EC511F32C44B00391532 /* mouse.png */ = {isa = PBXFileReference; lastKnownFileType = image.png; path = mouse.png; sourceTree = "<group>"; };
		0707EC521F32C44B00391532 /* peafowl.jpg */ = {isa = PBXFileReference; lastKnownFileType = image.jpeg; path = peafowl.jpg; sourceTree = "<group>"; };
		0707EC531F32C44B00391532 /* snail.png */ = {isa = PBXFileReference; lastKnownFileType = image.png; path = snail.png; sourceTree = "<group>"; };
		0707EC541F32C44B00391532 /* snake.png */ = {isa = PBXFileReference; lastKnownFileType = image.png; path = snake.png; sourceTree = "<group>"; };
		0707EC551F32C44B00391532 /* spider.png */ = {isa = PBXFileReference; lastKnownFileType = image.png; path = spider.png; sourceTree = "<group>"; };
		0707EC561F32C44B00391532 /* swan.png */ = {isa = PBXFileReference; lastKnownFileType = image.png; path = swan.png; sourceTree = "<group>"; };
		0707EC571F32C44B00391532 /* tiger.jpg */ = {isa = PBXFileReference; lastKnownFileType = image.jpeg; path = tiger.jpg; sourceTree = "<group>"; };
		0707EC581F32C44B00391532 /* turtle.png */ = {isa = PBXFileReference; lastKnownFileType = image.png; path = turtle.png; sourceTree = "<group>"; };
		0707EC591F32C44B00391532 /* animals.jpeg */ = {isa = PBXFileReference; lastKnownFileType = image.jpeg; path = animals.jpeg; sourceTree = "<group>"; };
		0707EC5B1F32C44B00391532 /* apple.png */ = {isa = PBXFileReference; lastKnownFileType = image.png; path = apple.png; sourceTree = "<group>"; };
		0707EC5C1F32C44B00391532 /* avocado.jpg */ = {isa = PBXFileReference; lastKnownFileType = image.jpeg; path = avocado.jpg; sourceTree = "<group>"; };
		0707EC5D1F32C44B00391532 /* banana.png */ = {isa = PBXFileReference; lastKnownFileType = image.png; path = banana.png; sourceTree = "<group>"; };
		0707EC5E1F32C44B00391532 /* blackberry.png */ = {isa = PBXFileReference; lastKnownFileType = image.png; path = blackberry.png; sourceTree = "<group>"; };
		0707EC5F1F32C44B00391532 /* cherry.png */ = {isa = PBXFileReference; lastKnownFileType = image.png; path = cherry.png; sourceTree = "<group>"; };
		0707EC601F32C44B00391532 /* coconut.png */ = {isa = PBXFileReference; lastKnownFileType = image.png; path = coconut.png; sourceTree = "<group>"; };
		0707EC611F32C44B00391532 /* grape.png */ = {isa = PBXFileReference; lastKnownFileType = image.png; path = grape.png; sourceTree = "<group>"; };
		0707EC621F32C44B00391532 /* kiwi.jpg */ = {isa = PBXFileReference; lastKnownFileType = image.jpeg; path = kiwi.jpg; sourceTree = "<group>"; };
		0707EC631F32C44B00391532 /* lemon.jpg */ = {isa = PBXFileReference; lastKnownFileType = image.jpeg; path = lemon.jpg; sourceTree = "<group>"; };
		0707EC641F32C44B00391532 /* lychee.jpg */ = {isa = PBXFileReference; lastKnownFileType = image.jpeg; path = lychee.jpg; sourceTree = "<group>"; };
		0707EC651F32C44B00391532 /* mango.jpg */ = {isa = PBXFileReference; lastKnownFileType = image.jpeg; path = mango.jpg; sourceTree = "<group>"; };
		0707EC661F32C44B00391532 /* melon.jpg */ = {isa = PBXFileReference; lastKnownFileType = image.jpeg; path = melon.jpg; sourceTree = "<group>"; };
		0707EC671F32C44B00391532 /* papaya.jpg */ = {isa = PBXFileReference; lastKnownFileType = image.jpeg; path = papaya.jpg; sourceTree = "<group>"; };
		0707EC681F32C44B00391532 /* passion fruit.jpg */ = {isa = PBXFileReference; lastKnownFileType = image.jpeg; path = "passion fruit.jpg"; sourceTree = "<group>"; };
		0707EC691F32C44B00391532 /* peach.jpg */ = {isa = PBXFileReference; lastKnownFileType = image.jpeg; path = peach.jpg; sourceTree = "<group>"; };
		0707EC6A1F32C44B00391532 /* pineapple.jpg */ = {isa = PBXFileReference; lastKnownFileType = image.jpeg; path = pineapple.jpg; sourceTree = "<group>"; };
		0707EC6B1F32C44B00391532 /* plum.png */ = {isa = PBXFileReference; lastKnownFileType = image.png; path = plum.png; sourceTree = "<group>"; };
		0707EC6C1F32C44B00391532 /* strawberry.jpg */ = {isa = PBXFileReference; lastKnownFileType = image.jpeg; path = strawberry.jpg; sourceTree = "<group>"; };
		0707EC6D1F32C44B00391532 /* watermelon.png */ = {isa = PBXFileReference; lastKnownFileType = image.png; path = watermelon.png; sourceTree = "<group>"; };
		0707EC6E1F32C44B00391532 /* fruits.png */ = {isa = PBXFileReference; lastKnownFileType = image.png; path = fruits.png; sourceTree = "<group>"; };
		07E4E3E01F3964BF00399CF0 /* DetailVC.swift */ = {isa = PBXFileReference; fileEncoding = 4; lastKnownFileType = sourcecode.swift; path = DetailVC.swift; sourceTree = "<group>"; };
		07E4E3E21F3967BD00399CF0 /* ShapesList.plist */ = {isa = PBXFileReference; fileEncoding = 4; lastKnownFileType = text.plist.xml; path = ShapesList.plist; sourceTree = "<group>"; };
		07E4E3E41F396AC300399CF0 /* shapes.png */ = {isa = PBXFileReference; lastKnownFileType = image.png; path = shapes.png; sourceTree = "<group>"; };
		07E4E3E71F396B0800399CF0 /* triangle.png */ = {isa = PBXFileReference; lastKnownFileType = image.png; path = triangle.png; sourceTree = "<group>"; };
		07E4E3E81F396B0800399CF0 /* circle.png */ = {isa = PBXFileReference; lastKnownFileType = image.png; path = circle.png; sourceTree = "<group>"; };
		07E4E3E91F396B0800399CF0 /* square.png */ = {isa = PBXFileReference; lastKnownFileType = image.png; path = square.png; sourceTree = "<group>"; };
		07E4E3ED1F396B6200399CF0 /* AnimalsList.plist */ = {isa = PBXFileReference; fileEncoding = 4; lastKnownFileType = text.plist.xml; path = AnimalsList.plist; sourceTree = "<group>"; };
		07E4E3EE1F396B6200399CF0 /* FruitsList.plist */ = {isa = PBXFileReference; fileEncoding = 4; lastKnownFileType = text.plist.xml; path = FruitsList.plist; sourceTree = "<group>"; };
		07E4E3F11F39736C00399CF0 /* BottomVC.swift */ = {isa = PBXFileReference; fileEncoding = 4; lastKnownFileType = sourcecode.swift; path = BottomVC.swift; sourceTree = "<group>"; };
/* End PBXFileReference section */

/* Begin PBXFrameworksBuildPhase section */
		0707EC231F32C24100391532 /* Frameworks */ = {
			isa = PBXFrameworksBuildPhase;
			buildActionMask = 2147483647;
			files = (
			);
			runOnlyForDeploymentPostprocessing = 0;
		};
/* End PBXFrameworksBuildPhase section */

/* Begin PBXGroup section */
		0707EC1D1F32C24000391532 = {
			isa = PBXGroup;
			children = (
				0707EC281F32C24100391532 /* English4Kid */,
				0707EC271F32C24100391532 /* Products */,
			);
			sourceTree = "<group>";
		};
		0707EC271F32C24100391532 /* Products */ = {
			isa = PBXGroup;
			children = (
				0707EC261F32C24100391532 /* English4Kid.app */,
			);
			name = Products;
			sourceTree = "<group>";
		};
		0707EC281F32C24100391532 /* English4Kid */ = {
			isa = PBXGroup;
			children = (
				0707EC291F32C24100391532 /* AppDelegate.swift */,
				0707EC3B1F32C2EF00391532 /* MainVc.swift */,
				07E4E3E01F3964BF00399CF0 /* DetailVC.swift */,
				07E4E3F11F39736C00399CF0 /* BottomVC.swift */,
				0707EC2D1F32C24100391532 /* Main.storyboard */,
				07E4E3E41F396AC300399CF0 /* shapes.png */,
				0707EC591F32C44B00391532 /* animals.jpeg */,
				0707EC6E1F32C44B00391532 /* fruits.png */,
				0707EC5A1F32C44B00391532 /* Fruits */,
				0707EC3D1F32C44B00391532 /* Animals */,
				07E4E3E61F396AE000399CF0 /* Shapes */,
				0707EC301F32C24100391532 /* Assets.xcassets */,
				07E4E3E21F3967BD00399CF0 /* ShapesList.plist */,
				07E4E3ED1F396B6200399CF0 /* AnimalsList.plist */,
				07E4E3EE1F396B6200399CF0 /* FruitsList.plist */,
				0707EC321F32C24100391532 /* LaunchScreen.storyboard */,
				0707EC351F32C24100391532 /* Info.plist */,
			);
			path = English4Kid;
			sourceTree = "<group>";
		};
		0707EC3D1F32C44B00391532 /* Animals */ = {
			isa = PBXGroup;
			children = (
				0707EC3E1F32C44B00391532 /* ant.png */,
				0707EC3F1F32C44B00391532 /* bat.jpg */,
				0707EC401F32C44B00391532 /* bear.png */,
				0707EC411F32C44B00391532 /* bee.png */,
				0707EC421F32C44B00391532 /* bird.png */,
				0707EC431F32C44B00391532 /* buffalo.jpg */,
				0707EC441F32C44B00391532 /* butterfly.png */,
				0707EC451F32C44B00391532 /* cat.jpg */,
				0707EC461F32C44B00391532 /* crab.png */,
				0707EC471F32C44B00391532 /* deer.jpg */,
				0707EC481F32C44B00391532 /* dog.png */,
				0707EC491F32C44B00391532 /* duck.png */,
				0707EC4A1F32C44B00391532 /* fish.png */,
				0707EC4B1F32C44B00391532 /* fly.jpg */,
				0707EC4C1F32C44B00391532 /* fox.png */,
				0707EC4D1F32C44B00391532 /* frog.png */,
				0707EC4E1F32C44B00391532 /* hawk.jpg */,
				0707EC4F1F32C44B00391532 /* lion.jpg */,
				0707EC501F32C44B00391532 /* mosquito.jpg */,
				0707EC511F32C44B00391532 /* mouse.png */,
				0707EC521F32C44B00391532 /* peafowl.jpg */,
				0707EC531F32C44B00391532 /* snail.png */,
				0707EC541F32C44B00391532 /* snake.png */,
				0707EC551F32C44B00391532 /* spider.png */,
				0707EC561F32C44B00391532 /* swan.png */,
				0707EC571F32C44B00391532 /* tiger.jpg */,
				0707EC581F32C44B00391532 /* turtle.png */,
			);
			path = Animals;
			sourceTree = "<group>";
		};
		0707EC5A1F32C44B00391532 /* Fruits */ = {
			isa = PBXGroup;
			children = (
				0707EC5B1F32C44B00391532 /* apple.png */,
				0707EC5C1F32C44B00391532 /* avocado.jpg */,
				0707EC5D1F32C44B00391532 /* banana.png */,
				0707EC5E1F32C44B00391532 /* blackberry.png */,
				0707EC5F1F32C44B00391532 /* cherry.png */,
				0707EC601F32C44B00391532 /* coconut.png */,
				0707EC611F32C44B00391532 /* grape.png */,
				0707EC621F32C44B00391532 /* kiwi.jpg */,
				0707EC631F32C44B00391532 /* lemon.jpg */,
				0707EC641F32C44B00391532 /* lychee.jpg */,
				0707EC651F32C44B00391532 /* mango.jpg */,
				0707EC661F32C44B00391532 /* melon.jpg */,
				0707EC671F32C44B00391532 /* papaya.jpg */,
				0707EC681F32C44B00391532 /* passion fruit.jpg */,
				0707EC691F32C44B00391532 /* peach.jpg */,
				0707EC6A1F32C44B00391532 /* pineapple.jpg */,
				0707EC6B1F32C44B00391532 /* plum.png */,
				0707EC6C1F32C44B00391532 /* strawberry.jpg */,
				0707EC6D1F32C44B00391532 /* watermelon.png */,
			);
			path = Fruits;
			sourceTree = "<group>";
		};
		07E4E3E61F396AE000399CF0 /* Shapes */ = {
			isa = PBXGroup;
			children = (
				07E4E3E71F396B0800399CF0 /* triangle.png */,
				07E4E3E81F396B0800399CF0 /* circle.png */,
				07E4E3E91F396B0800399CF0 /* square.png */,
			);
			name = Shapes;
			sourceTree = "<group>";
		};
/* End PBXGroup section */

/* Begin PBXNativeTarget section */
		0707EC251F32C24100391532 /* English4Kid */ = {
			isa = PBXNativeTarget;
			buildConfigurationList = 0707EC381F32C24100391532 /* Build configuration list for PBXNativeTarget "English4Kid" */;
			buildPhases = (
				0707EC221F32C24100391532 /* Sources */,
				0707EC231F32C24100391532 /* Frameworks */,
				0707EC241F32C24100391532 /* Resources */,
			);
			buildRules = (
			);
			dependencies = (
			);
			name = English4Kid;
			productName = English4Kid;
			productReference = 0707EC261F32C24100391532 /* English4Kid.app */;
			productType = "com.apple.product-type.application";
		};
/* End PBXNativeTarget section */

/* Begin PBXProject section */
		0707EC1E1F32C24000391532 /* Project object */ = {
			isa = PBXProject;
			attributes = {
				LastSwiftUpdateCheck = 0810;
				LastUpgradeCheck = 0810;
				ORGANIZATIONNAME = "Kien Nguyen";
				TargetAttributes = {
					0707EC251F32C24100391532 = {
						CreatedOnToolsVersion = 8.1;
						DevelopmentTeam = MJ777Q76VF;
						ProvisioningStyle = Automatic;
					};
				};
			};
			buildConfigurationList = 0707EC211F32C24000391532 /* Build configuration list for PBXProject "English4Kid" */;
			compatibilityVersion = "Xcode 3.2";
			developmentRegion = English;
			hasScannedForEncodings = 0;
			knownRegions = (
				en,
				Base,
			);
			mainGroup = 0707EC1D1F32C24000391532;
			productRefGroup = 0707EC271F32C24100391532 /* Products */;
			projectDirPath = "";
			projectRoot = "";
			targets = (
				0707EC251F32C24100391532 /* English4Kid */,
			);
		};
/* End PBXProject section */

/* Begin PBXResourcesBuildPhase section */
		0707EC241F32C24100391532 /* Resources */ = {
			isa = PBXResourcesBuildPhase;
			buildActionMask = 2147483647;
			files = (
				0707EC951F32C44B00391532 /* mango.jpg in Resources */,
				0707EC971F32C44B00391532 /* papaya.jpg in Resources */,
				0707EC8A1F32C44B00391532 /* animals.jpeg in Resources */,
				0707EC981F32C44B00391532 /* passion fruit.jpg in Resources */,
				0707EC811F32C44B00391532 /* mosquito.jpg in Resources */,
				0707EC821F32C44B00391532 /* mouse.png in Resources */,
				0707EC8E1F32C44B00391532 /* blackberry.png in Resources */,
				0707EC901F32C44B00391532 /* coconut.png in Resources */,
				0707EC791F32C44B00391532 /* dog.png in Resources */,
				0707EC801F32C44B00391532 /* lion.jpg in Resources */,
				0707EC341F32C24100391532 /* LaunchScreen.storyboard in Resources */,
				0707EC7C1F32C44B00391532 /* fly.jpg in Resources */,
				0707EC761F32C44B00391532 /* cat.jpg in Resources */,
				0707EC8C1F32C44B00391532 /* avocado.jpg in Resources */,
				0707EC751F32C44B00391532 /* butterfly.png in Resources */,
				0707EC871F32C44B00391532 /* swan.png in Resources */,
				0707EC9C1F32C44B00391532 /* strawberry.jpg in Resources */,
				0707EC831F32C44B00391532 /* peafowl.jpg in Resources */,
				0707EC6F1F32C44B00391532 /* ant.png in Resources */,
				0707EC891F32C44B00391532 /* turtle.png in Resources */,
				07E4E3E31F3967BD00399CF0 /* ShapesList.plist in Resources */,
				0707EC7F1F32C44B00391532 /* hawk.jpg in Resources */,
				0707EC941F32C44B00391532 /* lychee.jpg in Resources */,
				0707EC8B1F32C44B00391532 /* apple.png in Resources */,
				0707EC7B1F32C44B00391532 /* fish.png in Resources */,
				0707EC911F32C44B00391532 /* grape.png in Resources */,
				0707EC311F32C24100391532 /* Assets.xcassets in Resources */,
				0707EC9E1F32C44B00391532 /* fruits.png in Resources */,
				0707EC961F32C44B00391532 /* melon.jpg in Resources */,
				0707EC861F32C44B00391532 /* spider.png in Resources */,
				0707EC921F32C44B00391532 /* kiwi.jpg in Resources */,
				07E4E3F01F396B6200399CF0 /* FruitsList.plist in Resources */,
				0707EC741F32C44B00391532 /* buffalo.jpg in Resources */,
				0707EC9A1F32C44B00391532 /* pineapple.jpg in Resources */,
				07E4E3EC1F396B0800399CF0 /* square.png in Resources */,
				07E4E3EF1F396B6200399CF0 /* AnimalsList.plist in Resources */,
				0707EC2F1F32C24100391532 /* Main.storyboard in Resources */,
				0707EC731F32C44B00391532 /* bird.png in Resources */,
				0707EC8D1F32C44B00391532 /* banana.png in Resources */,
				0707EC931F32C44B00391532 /* lemon.jpg in Resources */,
				0707EC721F32C44B00391532 /* bee.png in Resources */,
				07E4E3EB1F396B0800399CF0 /* circle.png in Resources */,
				0707EC7E1F32C44B00391532 /* frog.png in Resources */,
				0707EC851F32C44B00391532 /* snake.png in Resources */,
				07E4E3EA1F396B0800399CF0 /* triangle.png in Resources */,
				0707EC881F32C44B00391532 /* tiger.jpg in Resources */,
				0707EC701F32C44B00391532 /* bat.jpg in Resources */,
				0707EC7A1F32C44B00391532 /* duck.png in Resources */,
				0707EC9D1F32C44B00391532 /* watermelon.png in Resources */,
				0707EC8F1F32C44B00391532 /* cherry.png in Resources */,
				0707EC9B1F32C44B00391532 /* plum.png in Resources */,
				0707EC781F32C44B00391532 /* deer.jpg in Resources */,
				0707EC7D1F32C44B00391532 /* fox.png in Resources */,
				0707EC711F32C44B00391532 /* bear.png in Resources */,
				0707EC841F32C44B00391532 /* snail.png in Resources */,
				0707EC771F32C44B00391532 /* crab.png in Resources */,
				0707EC991F32C44B00391532 /* peach.jpg in Resources */,
				07E4E3E51F396AC300399CF0 /* shapes.png in Resources */,
			);
			runOnlyForDeploymentPostprocessing = 0;
		};
/* End PBXResourcesBuildPhase section */

/* Begin PBXSourcesBuildPhase section */
		0707EC221F32C24100391532 /* Sources */ = {
			isa = PBXSourcesBuildPhase;
			buildActionMask = 2147483647;
			files = (
				0707EC2A1F32C24100391532 /* AppDelegate.swift in Sources */,
				0707EC3C1F32C2EF00391532 /* MainVc.swift in Sources */,
				07E4E3E11F3964BF00399CF0 /* DetailVC.swift in Sources */,
				07E4E3F21F39736C00399CF0 /* BottomVC.swift in Sources */,
			);
			runOnlyForDeploymentPostprocessing = 0;
		};
/* End PBXSourcesBuildPhase section */

/* Begin PBXVariantGroup section */
		0707EC2D1F32C24100391532 /* Main.storyboard */ = {
			isa = PBXVariantGroup;
			children = (
				0707EC2E1F32C24100391532 /* Base */,
			);
			name = Main.storyboard;
			sourceTree = "<group>";
		};
		0707EC321F32C24100391532 /* LaunchScreen.storyboard */ = {
			isa = PBXVariantGroup;
			children = (
				0707EC331F32C24100391532 /* Base */,
			);
			name = LaunchScreen.storyboard;
			sourceTree = "<group>";
		};
/* End PBXVariantGroup section */

/* Begin XCBuildConfiguration section */
		0707EC361F32C24100391532 /* Debug */ = {
			isa = XCBuildConfiguration;
			buildSettings = {
				ALWAYS_SEARCH_USER_PATHS = NO;
				CLANG_ANALYZER_NONNULL = YES;
				CLANG_CXX_LANGUAGE_STANDARD = "gnu++0x";
				CLANG_CXX_LIBRARY = "libc++";
				CLANG_ENABLE_MODULES = YES;
				CLANG_ENABLE_OBJC_ARC = YES;
				CLANG_WARN_BOOL_CONVERSION = YES;
				CLANG_WARN_CONSTANT_CONVERSION = YES;
				CLANG_WARN_DIRECT_OBJC_ISA_USAGE = YES_ERROR;
				CLANG_WARN_DOCUMENTATION_COMMENTS = YES;
				CLANG_WARN_EMPTY_BODY = YES;
				CLANG_WARN_ENUM_CONVERSION = YES;
				CLANG_WARN_INFINITE_RECURSION = YES;
				CLANG_WARN_INT_CONVERSION = YES;
				CLANG_WARN_OBJC_ROOT_CLASS = YES_ERROR;
				CLANG_WARN_SUSPICIOUS_MOVES = YES;
				CLANG_WARN_UNREACHABLE_CODE = YES;
				CLANG_WARN__DUPLICATE_METHOD_MATCH = YES;
				"CODE_SIGN_IDENTITY[sdk=iphoneos*]" = "iPhone Developer";
				COPY_PHASE_STRIP = NO;
				DEBUG_INFORMATION_FORMAT = dwarf;
				ENABLE_STRICT_OBJC_MSGSEND = YES;
				ENABLE_TESTABILITY = YES;
				GCC_C_LANGUAGE_STANDARD = gnu99;
				GCC_DYNAMIC_NO_PIC = NO;
				GCC_NO_COMMON_BLOCKS = YES;
				GCC_OPTIMIZATION_LEVEL = 0;
				GCC_PREPROCESSOR_DEFINITIONS = (
					"DEBUG=1",
					"$(inherited)",
				);
				GCC_WARN_64_TO_32_BIT_CONVERSION = YES;
				GCC_WARN_ABOUT_RETURN_TYPE = YES_ERROR;
				GCC_WARN_UNDECLARED_SELECTOR = YES;
				GCC_WARN_UNINITIALIZED_AUTOS = YES_AGGRESSIVE;
				GCC_WARN_UNUSED_FUNCTION = YES;
				GCC_WARN_UNUSED_VARIABLE = YES;
				IPHONEOS_DEPLOYMENT_TARGET = 10.1;
				MTL_ENABLE_DEBUG_INFO = YES;
				ONLY_ACTIVE_ARCH = YES;
				SDKROOT = iphoneos;
				SWIFT_ACTIVE_COMPILATION_CONDITIONS = DEBUG;
				SWIFT_OPTIMIZATION_LEVEL = "-Onone";
			};
			name = Debug;
		};
		0707EC371F32C24100391532 /* Release */ = {
			isa = XCBuildConfiguration;
			buildSettings = {
				ALWAYS_SEARCH_USER_PATHS = NO;
				CLANG_ANALYZER_NONNULL = YES;
				CLANG_CXX_LANGUAGE_STANDARD = "gnu++0x";
				CLANG_CXX_LIBRARY = "libc++";
				CLANG_ENABLE_MODULES = YES;
				CLANG_ENABLE_OBJC_ARC = YES;
				CLANG_WARN_BOOL_CONVERSION = YES;
				CLANG_WARN_CONSTANT_CONVERSION = YES;
				CLANG_WARN_DIRECT_OBJC_ISA_USAGE = YES_ERROR;
				CLANG_WARN_DOCUMENTATION_COMMENTS = YES;
				CLANG_WARN_EMPTY_BODY = YES;
				CLANG_WARN_ENUM_CONVERSION = YES;
				CLANG_WARN_INFINITE_RECURSION = YES;
				CLANG_WARN_INT_CONVERSION = YES;
				CLANG_WARN_OBJC_ROOT_CLASS = YES_ERROR;
				CLANG_WARN_SUSPICIOUS_MOVES = YES;
				CLANG_WARN_UNREACHABLE_CODE = YES;
				CLANG_WARN__DUPLICATE_METHOD_MATCH = YES;
				"CODE_SIGN_IDENTITY[sdk=iphoneos*]" = "iPhone Developer";
				COPY_PHASE_STRIP = NO;
				DEBUG_INFORMATION_FORMAT = "dwarf-with-dsym";
				ENABLE_NS_ASSERTIONS = NO;
				ENABLE_STRICT_OBJC_MSGSEND = YES;
				GCC_C_LANGUAGE_STANDARD = gnu99;
				GCC_NO_COMMON_BLOCKS = YES;
				GCC_WARN_64_TO_32_BIT_CONVERSION = YES;
				GCC_WARN_ABOUT_RETURN_TYPE = YES_ERROR;
				GCC_WARN_UNDECLARED_SELECTOR = YES;
				GCC_WARN_UNINITIALIZED_AUTOS = YES_AGGRESSIVE;
				GCC_WARN_UNUSED_FUNCTION = YES;
				GCC_WARN_UNUSED_VARIABLE = YES;
				IPHONEOS_DEPLOYMENT_TARGET = 10.1;
				MTL_ENABLE_DEBUG_INFO = NO;
				SDKROOT = iphoneos;
				SWIFT_OPTIMIZATION_LEVEL = "-Owholemodule";
				VALIDATE_PRODUCT = YES;
			};
			name = Release;
		};
		0707EC391F32C24100391532 /* Debug */ = {
			isa = XCBuildConfiguration;
			buildSettings = {
				ASSETCATALOG_COMPILER_APPICON_NAME = AppIcon;
				DEVELOPMENT_TEAM = MJ777Q76VF;
				INFOPLIST_FILE = English4Kid/Info.plist;
				IPHONEOS_DEPLOYMENT_TARGET = 9.3;
				LD_RUNPATH_SEARCH_PATHS = "$(inherited) @executable_path/Frameworks";
				PRODUCT_BUNDLE_IDENTIFIER = nguyenduckien.English4Kid;
				PRODUCT_NAME = "$(TARGET_NAME)";
				SWIFT_VERSION = 3.0;
			};
			name = Debug;
		};
		0707EC3A1F32C24100391532 /* Release */ = {
			isa = XCBuildConfiguration;
			buildSettings = {
				ASSETCATALOG_COMPILER_APPICON_NAME = AppIcon;
				DEVELOPMENT_TEAM = MJ777Q76VF;
				INFOPLIST_FILE = English4Kid/Info.plist;
				IPHONEOS_DEPLOYMENT_TARGET = 9.3;
				LD_RUNPATH_SEARCH_PATHS = "$(inherited) @executable_path/Frameworks";
				PRODUCT_BUNDLE_IDENTIFIER = nguyenduckien.English4Kid;
				PRODUCT_NAME = "$(TARGET_NAME)";
				SWIFT_VERSION = 3.0;
			};
			name = Release;
		};
/* End XCBuildConfiguration section */

/* Begin XCConfigurationList section */
		0707EC211F32C24000391532 /* Build configuration list for PBXProject "English4Kid" */ = {
			isa = XCConfigurationList;
			buildConfigurations = (
				0707EC361F32C24100391532 /* Debug */,
				0707EC371F32C24100391532 /* Release */,
			);
			defaultConfigurationIsVisible = 0;
			defaultConfigurationName = Release;
		};
		0707EC381F32C24100391532 /* Build configuration list for PBXNativeTarget "English4Kid" */ = {
			isa = XCConfigurationList;
			buildConfigurations = (
				0707EC391F32C24100391532 /* Debug */,
				0707EC3A1F32C24100391532 /* Release */,
			);
			defaultConfigurationIsVisible = 0;
			defaultConfigurationName = Release;
		};
/* End XCConfigurationList section */
	};
	rootObject = 0707EC1E1F32C24000391532 /* Project object */;
}
